
Microsoft Visual Studio Solution File, Format Version 12.00
# Visual Studio Version 17
VisualStudioVersion = 17.0.32014.148
MinimumVisualStudioVersion = 10.0.40219.1
Project("{9A19103F-16F7-4668-BE54-9A1E7A4F7556}") = "Algorithms", "src\Algorithms\Algorithms.csproj", "{BAD23115-EC00-4602-ADB9-4B3F13809880}"
EndProject
Project("{FAE04EC0-301F-11D3-BF4B-00C04F79EFBC}") = "Algorithms.Tests", "tests\Algorithms.Tests\Algorithms.Tests.csproj", "{A1DA3193-ED8B-4C21-9C89-639C04128C78}"
EndProject
Project("{FAE04EC0-301F-11D3-BF4B-00C04F79EFBC}") = "DataStructures", "src\DataStructures\DataStructures.csproj", "{43D5927E-1418-4441-A86F-B6CC1653AC30}"
EndProject
Project("{FAE04EC0-301F-11D3-BF4B-00C04F79EFBC}") = "DataStructures.Tests", "tests\DataStructures.Tests\DataStructures.Tests.csproj", "{2BC833BA-C9EE-401B-A88A-BD8FBD2DDE86}"
EndProject
Project("{FAE04EC0-301F-11D3-BF4B-00C04F79EFBC}") = "Extensions", "src\Extensions\Extensions.csproj", "{ED1F9772-611D-44F7-8367-3A6DF7647A79}"
EndProject
Project("{FAE04EC0-301F-11D3-BF4B-00C04F79EFBC}") = "Extensions.Tests", "tests\Extensions.Tests\Extensions.Tests.csproj", "{AC0AD74A-EF29-4473-9160-FA7CAFDE0C80}"
EndProject
Global
	GlobalSection(SolutionConfigurationPlatforms) = preSolution
		Debug|Any CPU = Debug|Any CPU
		Release|Any CPU = Release|Any CPU
	EndGlobalSection
	GlobalSection(ProjectConfigurationPlatforms) = postSolution
		{BAD23115-EC00-4602-ADB9-4B3F13809880}.Debug|Any CPU.ActiveCfg = Debug|Any CPU
		{BAD23115-EC00-4602-ADB9-4B3F13809880}.Debug|Any CPU.Build.0 = Debug|Any CPU
		{BAD23115-EC00-4602-ADB9-4B3F13809880}.Release|Any CPU.ActiveCfg = Release|Any CPU
		{BAD23115-EC00-4602-ADB9-4B3F13809880}.Release|Any CPU.Build.0 = Release|Any CPU
		{A1DA3193-ED8B-4C21-9C89-639C04128C78}.Debug|Any CPU.ActiveCfg = Debug|Any CPU
		{A1DA3193-ED8B-4C21-9C89-639C04128C78}.Debug|Any CPU.Build.0 = Debug|Any CPU
		{A1DA3193-ED8B-4C21-9C89-639C04128C78}.Release|Any CPU.ActiveCfg = Release|Any CPU
		{A1DA3193-ED8B-4C21-9C89-639C04128C78}.Release|Any CPU.Build.0 = Release|Any CPU
		{43D5927E-1418-4441-A86F-B6CC1653AC30}.Debug|Any CPU.ActiveCfg = Debug|Any CPU
		{43D5927E-1418-4441-A86F-B6CC1653AC30}.Debug|Any CPU.Build.0 = Debug|Any CPU
		{43D5927E-1418-4441-A86F-B6CC1653AC30}.Release|Any CPU.ActiveCfg = Release|Any CPU
		{43D5927E-1418-4441-A86F-B6CC1653AC30}.Release|Any CPU.Build.0 = Release|Any CPU
		{2BC833BA-C9EE-401B-A88A-BD8FBD2DDE86}.Debug|Any CPU.ActiveCfg = Debug|Any CPU
		{2BC833BA-C9EE-401B-A88A-BD8FBD2DDE86}.Debug|Any CPU.Build.0 = Debug|Any CPU
		{2BC833BA-C9EE-401B-A88A-BD8FBD2DDE86}.Release|Any CPU.ActiveCfg = Release|Any CPU
		{2BC833BA-C9EE-401B-A88A-BD8FBD2DDE86}.Release|Any CPU.Build.0 = Release|Any CPU
		{ED1F9772-611D-44F7-8367-3A6DF7647A79}.Debug|Any CPU.ActiveCfg = Debug|Any CPU
		{ED1F9772-611D-44F7-8367-3A6DF7647A79}.Debug|Any CPU.Build.0 = Debug|Any CPU
		{ED1F9772-611D-44F7-8367-3A6DF7647A79}.Release|Any CPU.ActiveCfg = Release|Any CPU
		{ED1F9772-611D-44F7-8367-3A6DF7647A79}.Release|Any CPU.Build.0 = Release|Any CPU
		{AC0AD74A-EF29-4473-9160-FA7CAFDE0C80}.Debug|Any CPU.ActiveCfg = Debug|Any CPU
		{AC0AD74A-EF29-4473-9160-FA7CAFDE0C80}.Debug|Any CPU.Build.0 = Debug|Any CPU
		{AC0AD74A-EF29-4473-9160-FA7CAFDE0C80}.Release|Any CPU.ActiveCfg = Release|Any CPU
		{AC0AD74A-EF29-4473-9160-FA7CAFDE0C80}.Release|Any CPU.Build.0 = Release|Any CPU
	EndGlobalSection
	GlobalSection(SolutionProperties) = preSolution
		HideSolutionNode = FALSE
	EndGlobalSection
	GlobalSection(ExtensibilityGlobals) = postSolution
		SolutionGuid = {D1A020E6-C8C2-403D-A484-2A93A355800B}
	EndGlobalSection
EndGlobal
